
Microsoft Visual Studio Solution File, Format Version 12.00
# Visual Studio 15
VisualStudioVersion = 15.0.28010.2003
MinimumVisualStudioVersion = 10.0.40219.1
Project("{9A19103F-16F7-4668-BE54-9A1E7A4F7556}") = "Senai_CodeEvent_WebApi", "Senai_CodeEvent_WebApi\Senai_CodeEvent_WebApi.csproj", "{65D5F7C6-5F40-4AB4-9587-4F49F31339DE}"
EndProject
Global
	GlobalSection(SolutionConfigurationPlatforms) = preSolution
		Debug|Any CPU = Debug|Any CPU
		Release|Any CPU = Release|Any CPU
	EndGlobalSection
	GlobalSection(ProjectConfigurationPlatforms) = postSolution
		{65D5F7C6-5F40-4AB4-9587-4F49F31339DE}.Debug|Any CPU.ActiveCfg = Debug|Any CPU
		{65D5F7C6-5F40-4AB4-9587-4F49F31339DE}.Debug|Any CPU.Build.0 = Debug|Any CPU
		{65D5F7C6-5F40-4AB4-9587-4F49F31339DE}.Release|Any CPU.ActiveCfg = Release|Any CPU
		{65D5F7C6-5F40-4AB4-9587-4F49F31339DE}.Release|Any CPU.Build.0 = Release|Any CPU
	EndGlobalSection
	GlobalSection(SolutionProperties) = preSolution
		HideSolutionNode = FALSE
	EndGlobalSection
	GlobalSection(ExtensibilityGlobals) = postSolution
		SolutionGuid = {AE464BF4-5ED4-4925-ABDF-6BA6AD25475F}
	EndGlobalSection
EndGlobal
